{
  "originHash" : "c26b471cad4f6cba5250f78b632d1e1062c80eee968765671d1da710aecc281d",
  "pins" : [
    {
      "identity" : "numkong",
      "kind" : "remoteSourceControl",
      "location" : "https://github.com/ashvardanian/NumKong",
      "state" : {
        "revision" : "bf50d040a0ccc8b22a0d1cdc345fb1f0246b7ee6",
        "version" : "7.7.1"
      }
    },
    {
      "identity" : "sparkle",
      "kind" : "remoteSourceControl",
      "location" : "https://github.com/sparkle-project/Sparkle",
      "state" : {
        "revision" : "6276ba2b404829d139c45ff98427cf90e2efc59b",
        "version" : "2.9.2"
      }
    },
    {
      "identity" : "usearch",
      "kind" : "remoteSourceControl",
      "location" : "https://github.com/unum-cloud/USearch.git",
      "state" : {
        "revision" : "cc23bbaf21ef52313c5a495adbc40cbd733cdcfb",
        "version" : "2.26.0"
      }
    }
  ],
  "version" : 3
}
